Microsoft Visual Studio Solution File, Format Version 12.00
# Visual Studio Version 17
VisualStudioVersion = 17.13.35919.96
MinimumVisualStudioVersion = 10.0.40219.1
Project("{FAE04EC0-301F-11D3-BF4B-00C04F79EFBC}") = "IrisIsabel", "IrisIsabel\IrisIsabel.csproj", "{8AE17116-1A51-4892-89F5-55E882F6B75C}"
EndProject
Global
	GlobalSection(SolutionConfigurationPlatforms) = preSolution
		Debug|Any CPU = Debug|Any CPU
		Release|Any CPU = Release|Any CPU
	EndGlobalSection
	GlobalSection(ProjectConfigurationPlatforms) = postSolution
		{8AE17116-1A51-4892-89F5-55E882F6B75C}.Debug|Any CPU.ActiveCfg = Debug|Any CPU
		{8AE17116-1A51-4892-89F5-55E882F6B75C}.Debug|Any CPU.Build.0 = Debug|Any CPU
		{8AE17116-1A51-4892-89F5-55E882F6B75C}.Release|Any CPU.ActiveCfg = Release|Any CPU
		{8AE17116-1A51-4892-89F5-55E882F6B75C}.Release|Any CPU.Build.0 = Release|Any CPU
	EndGlobalSection
	GlobalSection(SolutionProperties) = preSolution
		HideSolutionNode = FALSE
	EndGlobalSection
	GlobalSection(ExtensibilityGlobals) = postSolution
		SolutionGuid = {FDA7FD1F-0B77-4090-B416-5BDF1B8BEE13}
	EndGlobalSection
EndGlobal
